{
  "name": "i18n-js-webpack-plugin",
  "version": "1.0.0",
  "lockfileVersion": 1,
  "requires": true,
  "dependencies": {
    "i18n-js": {
      "version": "3.0.10",
      "resolved": "https://registry.npmjs.org/i18n-js/-/i18n-js-3.0.10.tgz",
      "integrity": "sha512-jxRRdoruZwCFi5NxTOxoNZVi4Cw8vmd8qd86QheZAb8pbbM0rvopgSijcwB2+2WgYVSXNcW5wQCE+2g1rRIqvw==",
      "dev": true
    }
  }
}
